<?xml version="1.0" encoding="UTF-8"?>
<Scheme
   version = "1.3">
   <BuildAction>
      <BuildActionEntries>
         <BuildActionEntry
            buildForRunning = "YES">
            <BuildableReference
               BuildableIdentifier = "primary"
               BlueprintIdentifier = "ACA6FC2F26FC76F700A22EEA"
               BuildableName = "InCamerySwiftUI.app"
               BlueprintName = "InCamerySwiftUI"
               ReferencedContainer = "container:InCamerySwiftUI.xcodeproj">
            </BuildableReference>
         </BuildActionEntry>
      </BuildActionEntries>
   </BuildAction>
   <LaunchAction
      useCustomWorkingDirectory = "NO"
      buildConfiguration = "Debug"
      allowLocationSimulation = "YES">
      <BuildableProductRunnable>
         <BuildableReference
            BuildableIdentifier = "primary"
            BlueprintIdentifier = "ACA6FC2F26FC76F700A22EEA"
            BuildableName = "InCamerySwiftUI.app"
            BlueprintName = "InCamerySwiftUI"
            ReferencedContainer = "container:InCamerySwiftUI.xcodeproj">
         </BuildableReference>
      </BuildableProductRunnable>
   </LaunchAction>
</Scheme>
